<?xml version="1.0" encoding="utf-8"?>
<Project ToolsVersion="4.0" xmlns="http://schemas.microsoft.com/developer/msbuild/2003">
  <ItemGroup>
    <Filter Include="File di origine">
      <UniqueIdentifier>{4FC737F1-C7A5-4376-A066-2A32D752A2FF}</UniqueIdentifier>
      <Extensions>cpp;c;cc;cxx;def;odl;idl;hpj;bat;asm;asmx</Extensions>
    </Filter>
    <Filter Include="File di risorse">
      <UniqueIdentifier>{67DA6AB6-F800-4c08-8B7A-83BB121AAD01}</UniqueIdentifier>
      <Extensions>rc;ico;cur;bmp;dlg;rc2;rct;bin;rgs;gif;jpg;jpeg;jpe;resx;tiff;tif;png;wav;mfcribbon-ms</Extensions>
    </Filter>
    <Filter Include="File di origine\GameObjects">
      <UniqueIdentifier>{44a01f9c-dfaf-48a4-b6f2-490d8fc9033a}</UniqueIdentifier>
    </Filter>
    <Filter Include="File di origine\GameObjects\Camera">
      <UniqueIdentifier>{5bac9f45-3d9c-434e-830a-705dc5f29923}</UniqueIdentifier>
    </Filter>
    <Filter Include="File di origine\GameObjects\Music">
      <UniqueIdentifier>{88d0dae7-163d-495a-bf9e-ab6558edf2d3}</UniqueIdentifier>
    </Filter>
    <Filter Include="File di origine\GameObjects\Player">
      <UniqueIdentifier>{e4842634-0a10-4671-b94e-17c0e2a5331c}</UniqueIdentifier>
    </Filter>
    <Filter Include="File di origine\GameObjects\RespawnTrigger">
      <UniqueIdentifier>{a918ca94-8371-4cf3-b068-eeed2580668d}</UniqueIdentifier>
    </Filter>
    <Filter Include="File di origine\GameObjects\WorldObjects">
      <UniqueIdentifier>{4fef78cc-9e2e-4e62-951a-33086e6f06c3}</UniqueIdentifier>
    </Filter>
    <Filter Include="File di origine\GameObjects\WorldTerrain">
      <UniqueIdentifier>{fd2db6f7-2df5-4521-8ebc-36975166a66b}</UniqueIdentifier>
    </Filter>
  </ItemGroup>
  <ItemGroup>
    <ClCompile Include="Game.cpp">
      <Filter>File di origine</Filter>
    </ClCompile>
    <ClCompile Include="GameObjects\Camera\GameCamera.cpp">
      <Filter>File di origine\GameObjects\Camera</Filter>
    </ClCompile>
    <ClCompile Include="GameObjects\Music\Music.cpp">
      <Filter>File di origine\GameObjects\Music</Filter>
    </ClCompile>
    <ClCompile Include="GameObjects\WorldTerrain\Terrain.cpp">
      <Filter>File di origine\GameObjects\WorldTerrain</Filter>
    </ClCompile>
    <ClCompile Include="GameObjects\WorldObjects\Coin.cpp">
      <Filter>File di origine\GameObjects\WorldObjects</Filter>
    </ClCompile>
    <ClCompile Include="GameObjects\WorldObjects\Crate.cpp">
      <Filter>File di origine\GameObjects\WorldObjects</Filter>
    </ClCompile>
    <ClCompile Include="GameObjects\RespawnTrigger\Trigger.cpp">
      <Filter>File di origine\GameObjects\RespawnTrigger</Filter>
    </ClCompile>
    <ClCompile Include="GameObjects\Player\Ball.cpp">
      <Filter>File di origine\GameObjects\Player</Filter>
    </ClCompile>
  </ItemGroup>
  <ItemGroup>
    <ClInclude Include="resource.h" />
    <ClInclude Include="GameObjects\Camera\GameCamera.h">
      <Filter>File di origine\GameObjects\Camera</Filter>
    </ClInclude>
    <ClInclude Include="GameObjects\Music\Music.h">
      <Filter>File di origine\GameObjects\Music</Filter>
    </ClInclude>
    <ClInclude Include="GameObjects\WorldTerrain\Terrain.h">
      <Filter>File di origine\GameObjects\WorldTerrain</Filter>
    </ClInclude>
    <ClInclude Include="GameObjects\WorldObjects\Coin.h">
      <Filter>File di origine\GameObjects\WorldObjects</Filter>
    </ClInclude>
    <ClInclude Include="GameObjects\WorldObjects\Crate.h">
      <Filter>File di origine\GameObjects\WorldObjects</Filter>
    </ClInclude>
    <ClInclude Include="GameObjects\RespawnTrigger\Trigger.h">
      <Filter>File di origine\GameObjects\RespawnTrigger</Filter>
    </ClInclude>
    <ClInclude Include="GameObjects\Player\Ball.h">
      <Filter>File di origine\GameObjects\Player</Filter>
    </ClInclude>
  </ItemGroup>
  <ItemGroup>
    <ResourceCompile Include="SimpleGame.rc">
      <Filter>File di risorse</Filter>
    </ResourceCompile>
  </ItemGroup>
  <ItemGroup>
    <Image Include="..\assets\game_icon\crate_icon.ico">
      <Filter>File di risorse</Filter>
    </Image>
  </ItemGroup>
</Project>