<?xml version="1.0" encoding="utf-8"?>
<Project ToolsVersion="4.0" xmlns="http://schemas.microsoft.com/developer/msbuild/2003">
  <ItemGroup>
    <Filter Include="File di origine">
      <UniqueIdentifier>{4FC737F1-C7A5-4376-A066-2A32D752A2FF}</UniqueIdentifier>
      <Extensions>cpp;c;cc;cxx;def;odl;idl;hpj;bat;asm;asmx</Extensions>
    </Filter>
    <Filter Include="File di risorse">
      <UniqueIdentifier>{67DA6AB6-F800-4c08-8B7A-83BB121AAD01}</UniqueIdentifier>
      <Extensions>rc;ico;cur;bmp;dlg;rc2;rct;bin;rgs;gif;jpg;jpeg;jpe;resx;tiff;tif;png;wav;mfcribbon-ms</Extensions>
    </Filter>
    <Filter Include="File di origine\GameObjects">
      <UniqueIdentifier>{44a01f9c-dfaf-48a4-b6f2-490d8fc9033a}</UniqueIdentifier>
    </Filter>
    <Filter Include="File di origine\GameObjects\Camera">
      <UniqueIdentifier>{5bac9f45-3d9c-434e-830a-705dc5f29923}</UniqueIdentifier>
    </Filter>
  </ItemGroup>
  <ItemGroup>
    <ClCompile Include="Game.cpp">
      <Filter>File di origine</Filter>
    </ClCompile>
    <ClCompile Include="GameObjects\TestGameObject.cpp">
      <Filter>File di origine\GameObjects</Filter>
    </ClCompile>
    <ClCompile Include="GameObjects\Camera\GameCamera.cpp">
      <Filter>File di origine\GameObjects\Camera</Filter>
    </ClCompile>
    <ClCompile Include="GameObjects\AnotherTestGameObject.cpp">
      <Filter>File di origine\GameObjects</Filter>
    </ClCompile>
  </ItemGroup>
  <ItemGroup>
    <ClInclude Include="resource.h" />
    <ClInclude Include="GameObjects\TestGameObject.h">
      <Filter>File di origine\GameObjects</Filter>
    </ClInclude>
    <ClInclude Include="GameObjects\Camera\GameCamera.h">
      <Filter>File di origine\GameObjects\Camera</Filter>
    </ClInclude>
    <ClInclude Include="GameObjects\AnotherTestGameObject.h">
      <Filter>File di origine\GameObjects</Filter>
    </ClInclude>
  </ItemGroup>
  <ItemGroup>
    <ResourceCompile Include="SimpleGame.rc">
      <Filter>File di risorse</Filter>
    </ResourceCompile>
  </ItemGroup>
  <ItemGroup>
    <Image Include="..\assets\game_icon\chess_game_icon.ico">
      <Filter>File di risorse</Filter>
    </Image>
  </ItemGroup>
</Project>