<?xml version="1.0" encoding="utf-8"?>
<Project ToolsVersion="4.0" xmlns="http://schemas.microsoft.com/developer/msbuild/2003">
  <ItemGroup>
    <Filter Include="File di risorse">
      <UniqueIdentifier>{67DA6AB6-F800-4c08-8B7A-83BB121AAD01}</UniqueIdentifier>
      <Extensions>rc;ico;cur;bmp;dlg;rc2;rct;bin;rgs;gif;jpg;jpeg;jpe;resx;tiff;tif;png;wav;mfcribbon-ms</Extensions>
    </Filter>
    <Filter Include="Engine">
      <UniqueIdentifier>{8414f8bd-343d-4102-a7d6-0f5f7095eb9a}</UniqueIdentifier>
    </Filter>
    <Filter Include="Engine\Manager">
      <UniqueIdentifier>{6e2f03b6-706e-4602-a89a-04f6107c5cb2}</UniqueIdentifier>
    </Filter>
    <Filter Include="Engine\Rendering">
      <UniqueIdentifier>{7142e321-f77e-47be-8173-452991066d18}</UniqueIdentifier>
    </Filter>
    <Filter Include="Engine\Debug">
      <UniqueIdentifier>{d8b3ba21-3ea6-43db-8bf6-37eaf800eb9d}</UniqueIdentifier>
    </Filter>
    <Filter Include="Engine\Rendering\Window">
      <UniqueIdentifier>{df1ed85a-7d58-4862-89da-c5fdb1f578d7}</UniqueIdentifier>
    </Filter>
    <Filter Include="Engine\Rendering\Instance">
      <UniqueIdentifier>{f6c16837-ff3e-4212-bd0d-35036bbce15f}</UniqueIdentifier>
    </Filter>
    <Filter Include="Engine\Rendering\Device">
      <UniqueIdentifier>{1b1e9204-8d10-4621-9534-be57445051b9}</UniqueIdentifier>
    </Filter>
    <Filter Include="Engine\Rendering\Queue">
      <UniqueIdentifier>{52ba1c98-9095-4306-8b9b-615d25814b5d}</UniqueIdentifier>
    </Filter>
    <Filter Include="Engine\Rendering\SwapChain">
      <UniqueIdentifier>{526430de-4b22-4908-ab36-18cda90762ac}</UniqueIdentifier>
    </Filter>
    <Filter Include="Engine\Rendering\Pipeline">
      <UniqueIdentifier>{b5399632-51c7-46af-ac5d-4b1bf2708164}</UniqueIdentifier>
    </Filter>
    <Filter Include="Engine\Rendering\Shader">
      <UniqueIdentifier>{69d9cb52-f829-479c-8ca9-62f3d0693d4d}</UniqueIdentifier>
    </Filter>
    <Filter Include="Engine\Rendering\RenderPass">
      <UniqueIdentifier>{cef7e13a-3aa7-4ed1-bf61-fff68bc2ab64}</UniqueIdentifier>
    </Filter>
    <Filter Include="Engine\Rendering\Buffer">
      <UniqueIdentifier>{23542afa-b170-4efb-b4c1-17e5d137e7f3}</UniqueIdentifier>
    </Filter>
    <Filter Include="Engine\Rendering\Command">
      <UniqueIdentifier>{b7bcb601-9970-4774-a2cc-8824f33ebfa9}</UniqueIdentifier>
    </Filter>
    <Filter Include="Engine\Rendering\Semaphores">
      <UniqueIdentifier>{716c604c-d45d-4842-a4f1-9d83fed85d2c}</UniqueIdentifier>
    </Filter>
    <Filter Include="Engine\Rendering\Base">
      <UniqueIdentifier>{e3c1406c-4763-4fee-a57c-42fcd2be6aa2}</UniqueIdentifier>
    </Filter>
    <Filter Include="Engine\Rendering\Memory">
      <UniqueIdentifier>{432dd445-8b65-41b0-81da-3219e42b8fa8}</UniqueIdentifier>
    </Filter>
    <Filter Include="Engine\Rendering\Descriptor">
      <UniqueIdentifier>{d309b4e1-6351-4f01-896d-69a2810af592}</UniqueIdentifier>
    </Filter>
    <Filter Include="Engine\Rendering\Texture">
      <UniqueIdentifier>{f88ea798-eb41-4284-9c39-f93095eb67d0}</UniqueIdentifier>
    </Filter>
    <Filter Include="Engine\Rendering\DepthResources">
      <UniqueIdentifier>{4b2fb98a-0f66-4d1b-bcac-2fbe8d15d20e}</UniqueIdentifier>
    </Filter>
    <Filter Include="Engine\Rendering\Model">
      <UniqueIdentifier>{b0df1695-167b-47ab-a9bc-229352c00980}</UniqueIdentifier>
    </Filter>
    <Filter Include="Engine\External">
      <UniqueIdentifier>{71f67bf8-7ef1-46a8-a234-5e6ec0cccb5f}</UniqueIdentifier>
    </Filter>
    <Filter Include="Engine\Rendering\Manager">
      <UniqueIdentifier>{1994db62-631b-47b0-8e51-f971caab2bd9}</UniqueIdentifier>
    </Filter>
    <Filter Include="Engine\LogicCore">
      <UniqueIdentifier>{4b228d58-4825-43cb-a21e-c5b95226d9f2}</UniqueIdentifier>
    </Filter>
    <Filter Include="Engine\LogicCore\Components">
      <UniqueIdentifier>{03ff07d4-2e0f-464b-bbd9-e46b4ff9f11e}</UniqueIdentifier>
    </Filter>
    <Filter Include="Engine\LogicCore\GameObject">
      <UniqueIdentifier>{7404bbe4-8728-4702-a473-c172eada490d}</UniqueIdentifier>
    </Filter>
    <Filter Include="Engine\LogicCore\Manager">
      <UniqueIdentifier>{7cbf16de-432c-4588-80d1-cc41c4348676}</UniqueIdentifier>
    </Filter>
    <Filter Include="Engine\Input">
      <UniqueIdentifier>{74d5970c-b515-473c-907c-72216277d9fc}</UniqueIdentifier>
    </Filter>
    <Filter Include="Engine\Input\Manager">
      <UniqueIdentifier>{f6932fd1-e7ef-44a5-9ee9-0f029384da08}</UniqueIdentifier>
    </Filter>
    <Filter Include="Engine\Utility">
      <UniqueIdentifier>{9ac5a011-de22-42f8-b2d2-964ab20d20b8}</UniqueIdentifier>
    </Filter>
    <Filter Include="Engine\LogicCore\Components\MeshComponent">
      <UniqueIdentifier>{b90411e5-6a40-4da7-a47d-85db5ad7abe9}</UniqueIdentifier>
    </Filter>
    <Filter Include="Engine\LogicCore\Components\Manager">
      <UniqueIdentifier>{d43e6fa8-af17-42fe-9d55-4b6cea336900}</UniqueIdentifier>
    </Filter>
    <Filter Include="Engine\Rendering\Camera">
      <UniqueIdentifier>{07ca6137-0264-48b0-a4dc-0387193119aa}</UniqueIdentifier>
    </Filter>
    <Filter Include="Engine\Rendering\ValidationLayers">
      <UniqueIdentifier>{58c483d9-4579-4979-8acf-e3e149e4991c}</UniqueIdentifier>
    </Filter>
    <Filter Include="Engine\LogicCore\Scene">
      <UniqueIdentifier>{734a6ac2-768b-46c2-b5d1-5b8746fad671}</UniqueIdentifier>
    </Filter>
    <Filter Include="Engine\Rendering\Buffer\CommandBuffer">
      <UniqueIdentifier>{94356326-907d-484e-a70a-67c068a57b12}</UniqueIdentifier>
    </Filter>
    <Filter Include="Engine\Rendering\Buffer\FrameBuffer">
      <UniqueIdentifier>{0785b2b3-136e-4a81-a899-617037e8e24f}</UniqueIdentifier>
    </Filter>
    <Filter Include="Engine\Rendering\Buffer\IndexBuffer">
      <UniqueIdentifier>{67c9bd6f-0cea-4607-bbcf-1af4a8718541}</UniqueIdentifier>
    </Filter>
    <Filter Include="Engine\Rendering\Buffer\StagingBuffer">
      <UniqueIdentifier>{bc57663c-3259-47cc-86ed-f75a6c415257}</UniqueIdentifier>
    </Filter>
    <Filter Include="Engine\Rendering\Buffer\UniformBuffer">
      <UniqueIdentifier>{20539712-5f1c-4106-a2bd-f0f64d7477bd}</UniqueIdentifier>
    </Filter>
    <Filter Include="Engine\Rendering\Buffer\VertexBuffer">
      <UniqueIdentifier>{9aea26f4-8672-4846-b2af-d586e192b452}</UniqueIdentifier>
    </Filter>
    <Filter Include="Engine\LogicCore\Math">
      <UniqueIdentifier>{2a49310a-4443-4312-9738-651387ed1ee8}</UniqueIdentifier>
    </Filter>
    <Filter Include="Engine\LogicCore\Math\Transform">
      <UniqueIdentifier>{c71f1553-21a8-4bec-9cb8-0f9dbd4bda38}</UniqueIdentifier>
    </Filter>
    <Filter Include="Engine\LogicCore\Math\Vector">
      <UniqueIdentifier>{d94957ee-9ec9-4f78-9274-4689b4e0233c}</UniqueIdentifier>
    </Filter>
    <Filter Include="Engine\LogicCore\Math\Quaternion">
      <UniqueIdentifier>{d1c36867-c55e-4582-b82b-9f474efef16e}</UniqueIdentifier>
    </Filter>
  </ItemGroup>
  <ItemGroup>
    <ClCompile Include="Engine\Manager\EngineManager.cpp">
      <Filter>Engine\Manager</Filter>
    </ClCompile>
    <ClCompile Include="Engine\Debug\DebugLog.cpp">
      <Filter>Engine\Debug</Filter>
    </ClCompile>
    <ClCompile Include="Engine\Rendering\Window\GameWindow.cpp">
      <Filter>Engine\Rendering\Window</Filter>
    </ClCompile>
    <ClCompile Include="Engine\Rendering\Instance\VukanInstance.cpp">
      <Filter>Engine\Rendering\Instance</Filter>
    </ClCompile>
    <ClCompile Include="Engine\Rendering\Device\VulkanDevice.cpp">
      <Filter>Engine\Rendering\Device</Filter>
    </ClCompile>
    <ClCompile Include="Engine\Rendering\Queue\GraphicsQueue.cpp">
      <Filter>Engine\Rendering\Queue</Filter>
    </ClCompile>
    <ClCompile Include="Engine\Rendering\Window\VulkanSurface.cpp">
      <Filter>Engine\Rendering\Window</Filter>
    </ClCompile>
    <ClCompile Include="Engine\Rendering\Queue\PresentQueue.cpp">
      <Filter>Engine\Rendering\Queue</Filter>
    </ClCompile>
    <ClCompile Include="Engine\Rendering\SwapChain\VulkanSwapChain.cpp">
      <Filter>Engine\Rendering\SwapChain</Filter>
    </ClCompile>
    <ClCompile Include="Engine\Rendering\SwapChain\VulkanImageView.cpp">
      <Filter>Engine\Rendering\SwapChain</Filter>
    </ClCompile>
    <ClCompile Include="Engine\Rendering\Pipeline\VulkanGraphicsPipeline.cpp">
      <Filter>Engine\Rendering\Pipeline</Filter>
    </ClCompile>
    <ClCompile Include="Engine\Rendering\Shader\ShaderManager.cpp">
      <Filter>Engine\Rendering\Shader</Filter>
    </ClCompile>
    <ClCompile Include="Engine\Rendering\RenderPass\VulkanRenderPass.cpp">
      <Filter>Engine\Rendering\RenderPass</Filter>
    </ClCompile>
    <ClCompile Include="Engine\Rendering\Command\VulkanCommandPool.cpp">
      <Filter>Engine\Rendering\Command</Filter>
    </ClCompile>
    <ClCompile Include="Engine\Rendering\Semaphores\VulkanSemaphoresManager.cpp">
      <Filter>Engine\Rendering\Semaphores</Filter>
    </ClCompile>
    <ClCompile Include="Engine\Rendering\Buffer\BaseBuffer.cpp">
      <Filter>Engine\Rendering\Buffer</Filter>
    </ClCompile>
    <ClCompile Include="Engine\Rendering\Descriptor\VulkanDescriptorSet.cpp">
      <Filter>Engine\Rendering\Descriptor</Filter>
    </ClCompile>
    <ClCompile Include="Engine\Rendering\Descriptor\VulkanDescriptorPool.cpp">
      <Filter>Engine\Rendering\Descriptor</Filter>
    </ClCompile>
    <ClCompile Include="Engine\Rendering\Texture\TextureImage.cpp">
      <Filter>Engine\Rendering\Texture</Filter>
    </ClCompile>
    <ClCompile Include="Engine\Rendering\Texture\TextureImageView.cpp">
      <Filter>Engine\Rendering\Texture</Filter>
    </ClCompile>
    <ClCompile Include="Engine\Rendering\Texture\TextureSampler.cpp">
      <Filter>Engine\Rendering\Texture</Filter>
    </ClCompile>
    <ClCompile Include="Engine\Rendering\DepthResources\VulkanDepthResources.cpp">
      <Filter>Engine\Rendering\DepthResources</Filter>
    </ClCompile>
    <ClCompile Include="Engine\Rendering\Model\VulkanModel.cpp">
      <Filter>Engine\Rendering\Model</Filter>
    </ClCompile>
    <ClCompile Include="Engine\Rendering\Texture\VulkanColorResources.cpp">
      <Filter>Engine\Rendering\Texture</Filter>
    </ClCompile>
    <ClCompile Include="Engine\Rendering\Manager\RenderManager.cpp">
      <Filter>Engine\Rendering\Manager</Filter>
    </ClCompile>
    <ClCompile Include="Engine\Rendering\Model\VulkanMeshInstance.cpp">
      <Filter>Engine\Rendering\Model</Filter>
    </ClCompile>
    <ClCompile Include="Engine\LogicCore\SObject.cpp">
      <Filter>Engine\LogicCore</Filter>
    </ClCompile>
    <ClCompile Include="Engine\LogicCore\GameObject\SGameObject.cpp">
      <Filter>Engine\LogicCore\GameObject</Filter>
    </ClCompile>
    <ClCompile Include="Engine\LogicCore\Manager\LogicManager.cpp">
      <Filter>Engine\LogicCore\Manager</Filter>
    </ClCompile>
    <ClCompile Include="Engine\LogicCore\Components\SComponent.cpp">
      <Filter>Engine\LogicCore\Components</Filter>
    </ClCompile>
    <ClCompile Include="Engine\Input\Manager\InputManager.cpp">
      <Filter>Engine\Input\Manager</Filter>
    </ClCompile>
    <ClCompile Include="Engine\Utility\UsefulMethods.cpp">
      <Filter>Engine\Utility</Filter>
    </ClCompile>
    <ClCompile Include="Engine\LogicCore\Components\MeshComponent\MeshComponent.cpp">
      <Filter>Engine\LogicCore\Components\MeshComponent</Filter>
    </ClCompile>
    <ClCompile Include="Engine\Rendering\Manager\RenderManagerView.cpp">
      <Filter>Engine\Rendering\Manager</Filter>
    </ClCompile>
    <ClCompile Include="Engine\LogicCore\Manager\LogicManagerView.cpp">
      <Filter>Engine\LogicCore\Manager</Filter>
    </ClCompile>
    <ClCompile Include="Engine\LogicCore\Components\Manager\ComponentsManager.cpp">
      <Filter>Engine\LogicCore\Components\Manager</Filter>
    </ClCompile>
    <ClCompile Include="Engine\Rendering\Camera\Camera.cpp">
      <Filter>Engine\Rendering\Camera</Filter>
    </ClCompile>
    <ClCompile Include="Engine\Rendering\Texture\SkyboxTexture.cpp">
      <Filter>Engine\Rendering\Texture</Filter>
    </ClCompile>
    <ClCompile Include="Engine\Rendering\Model\VulkanSkyboxInstance.cpp">
      <Filter>Engine\Rendering\Model</Filter>
    </ClCompile>
    <ClCompile Include="Engine\Rendering\ValidationLayers\VulkanValidationLayers.cpp">
      <Filter>Engine\Rendering\ValidationLayers</Filter>
    </ClCompile>
    <ClCompile Include="Engine\LogicCore\Scene\SceneManager.cpp">
      <Filter>Engine\LogicCore\Scene</Filter>
    </ClCompile>
    <ClCompile Include="Engine\Rendering\Buffer\CommandBuffer\VulkanCommandBuffer.cpp">
      <Filter>Engine\Rendering\Buffer\CommandBuffer</Filter>
    </ClCompile>
    <ClCompile Include="Engine\Rendering\Buffer\FrameBuffer\VulkanFrameBuffer.cpp">
      <Filter>Engine\Rendering\Buffer\FrameBuffer</Filter>
    </ClCompile>
    <ClCompile Include="Engine\Rendering\Buffer\IndexBuffer\IndexBuffer.cpp">
      <Filter>Engine\Rendering\Buffer\IndexBuffer</Filter>
    </ClCompile>
    <ClCompile Include="Engine\Rendering\Buffer\VertexBuffer\VertexBuffer.cpp">
      <Filter>Engine\Rendering\Buffer\VertexBuffer</Filter>
    </ClCompile>
    <ClCompile Include="Engine\Rendering\Buffer\UniformBuffer\UniformBuffer.cpp">
      <Filter>Engine\Rendering\Buffer\UniformBuffer</Filter>
    </ClCompile>
    <ClCompile Include="Engine\Rendering\Buffer\StagingBuffer\StagingBuffer.cpp">
      <Filter>Engine\Rendering\Buffer\StagingBuffer</Filter>
    </ClCompile>
    <ClCompile Include="Engine\LogicCore\Math\Vector\SVector3.cpp">
      <Filter>Engine\LogicCore\Math\Vector</Filter>
    </ClCompile>
    <ClCompile Include="Engine\LogicCore\Math\Transform\STransform.cpp">
      <Filter>Engine\LogicCore\Math\Transform</Filter>
    </ClCompile>
    <ClCompile Include="Engine\LogicCore\Math\Quaternion\SQuaternion.cpp">
      <Filter>Engine\LogicCore\Math\Quaternion</Filter>
    </ClCompile>
  </ItemGroup>
  <ItemGroup>
    <ClInclude Include="Engine\Manager\EngineManager.h">
      <Filter>Engine\Manager</Filter>
    </ClInclude>
    <ClInclude Include="Engine\Debug\DebugLog.h">
      <Filter>Engine\Debug</Filter>
    </ClInclude>
    <ClInclude Include="Engine\Rendering\Window\GameWindow.h">
      <Filter>Engine\Rendering\Window</Filter>
    </ClInclude>
    <ClInclude Include="Engine\Rendering\Instance\VukanInstance.h">
      <Filter>Engine\Rendering\Instance</Filter>
    </ClInclude>
    <ClInclude Include="Engine\Rendering\Device\VulkanDevice.h">
      <Filter>Engine\Rendering\Device</Filter>
    </ClInclude>
    <ClInclude Include="Engine\Rendering\Queue\GraphicsQueue.h">
      <Filter>Engine\Rendering\Queue</Filter>
    </ClInclude>
    <ClInclude Include="Engine\Rendering\Window\VulkanSurface.h">
      <Filter>Engine\Rendering\Window</Filter>
    </ClInclude>
    <ClInclude Include="Engine\Rendering\Queue\PresentQueue.h">
      <Filter>Engine\Rendering\Queue</Filter>
    </ClInclude>
    <ClInclude Include="Engine\Rendering\SwapChain\VulkanSwapChain.h">
      <Filter>Engine\Rendering\SwapChain</Filter>
    </ClInclude>
    <ClInclude Include="Engine\Rendering\SwapChain\VulkanImageView.h">
      <Filter>Engine\Rendering\SwapChain</Filter>
    </ClInclude>
    <ClInclude Include="Engine\Rendering\Pipeline\VulkanGraphicsPipeline.h">
      <Filter>Engine\Rendering\Pipeline</Filter>
    </ClInclude>
    <ClInclude Include="Engine\Rendering\Shader\ShaderManager.h">
      <Filter>Engine\Rendering\Shader</Filter>
    </ClInclude>
    <ClInclude Include="Engine\Rendering\RenderPass\VulkanRenderPass.h">
      <Filter>Engine\Rendering\RenderPass</Filter>
    </ClInclude>
    <ClInclude Include="Engine\Rendering\Command\VulkanCommandPool.h">
      <Filter>Engine\Rendering\Command</Filter>
    </ClInclude>
    <ClInclude Include="Engine\Rendering\Semaphores\VulkanSemaphoresManager.h">
      <Filter>Engine\Rendering\Semaphores</Filter>
    </ClInclude>
    <ClInclude Include="Engine\Rendering\Memory\MemoryManager.h">
      <Filter>Engine\Rendering\Memory</Filter>
    </ClInclude>
    <ClInclude Include="Engine\Rendering\Buffer\BaseBuffer.h">
      <Filter>Engine\Rendering\Buffer</Filter>
    </ClInclude>
    <ClInclude Include="Engine\Rendering\Descriptor\VulkanDescriptorSet.h">
      <Filter>Engine\Rendering\Descriptor</Filter>
    </ClInclude>
    <ClInclude Include="Engine\Rendering\Descriptor\VulkanDescriptorPool.h">
      <Filter>Engine\Rendering\Descriptor</Filter>
    </ClInclude>
    <ClInclude Include="Engine\Rendering\Texture\TextureImage.h">
      <Filter>Engine\Rendering\Texture</Filter>
    </ClInclude>
    <ClInclude Include="Engine\Rendering\Texture\TextureImageView.h">
      <Filter>Engine\Rendering\Texture</Filter>
    </ClInclude>
    <ClInclude Include="Engine\Rendering\Texture\TextureSampler.h">
      <Filter>Engine\Rendering\Texture</Filter>
    </ClInclude>
    <ClInclude Include="Engine\Rendering\DepthResources\VulkanDepthResources.h">
      <Filter>Engine\Rendering\DepthResources</Filter>
    </ClInclude>
    <ClInclude Include="Engine\Rendering\Model\VulkanModel.h">
      <Filter>Engine\Rendering\Model</Filter>
    </ClInclude>
    <ClInclude Include="Engine\Rendering\Texture\VulkanColorResources.h">
      <Filter>Engine\Rendering\Texture</Filter>
    </ClInclude>
    <ClInclude Include="..\..\external\stb\stb_image.h">
      <Filter>Engine\External</Filter>
    </ClInclude>
    <ClInclude Include="Engine\Rendering\Manager\RenderManager.h">
      <Filter>Engine\Rendering\Manager</Filter>
    </ClInclude>
    <ClInclude Include="Engine\Rendering\Model\VulkanMeshInstance.h">
      <Filter>Engine\Rendering\Model</Filter>
    </ClInclude>
    <ClInclude Include="Engine\LogicCore\SObject.h">
      <Filter>Engine\LogicCore</Filter>
    </ClInclude>
    <ClInclude Include="Engine\LogicCore\GameObject\SGameObject.h">
      <Filter>Engine\LogicCore\GameObject</Filter>
    </ClInclude>
    <ClInclude Include="Engine\LogicCore\Manager\LogicManager.h">
      <Filter>Engine\LogicCore\Manager</Filter>
    </ClInclude>
    <ClInclude Include="Engine\LogicCore\Components\SComponent.h">
      <Filter>Engine\LogicCore\Components</Filter>
    </ClInclude>
    <ClInclude Include="Engine\Input\Manager\InputManager.h">
      <Filter>Engine\Input\Manager</Filter>
    </ClInclude>
    <ClInclude Include="Engine\Utility\UsefulMethods.h">
      <Filter>Engine\Utility</Filter>
    </ClInclude>
    <ClInclude Include="Engine\Utility\UsefulTypes.h">
      <Filter>Engine\Utility</Filter>
    </ClInclude>
    <ClInclude Include="Engine\Input\KeyboardKeys.h">
      <Filter>Engine\Input</Filter>
    </ClInclude>
    <ClInclude Include="Engine\LogicCore\Components\MeshComponent\MeshComponent.h">
      <Filter>Engine\LogicCore\Components\MeshComponent</Filter>
    </ClInclude>
    <ClInclude Include="Engine\Rendering\Manager\RenderManagerView.h">
      <Filter>Engine\Rendering\Manager</Filter>
    </ClInclude>
    <ClInclude Include="Engine\LogicCore\Manager\LogicManagerView.h">
      <Filter>Engine\LogicCore\Manager</Filter>
    </ClInclude>
    <ClInclude Include="Engine\LogicCore\Components\Manager\ComponentsManager.h">
      <Filter>Engine\LogicCore\Components\Manager</Filter>
    </ClInclude>
    <ClInclude Include="Engine\Rendering\Camera\Camera.h">
      <Filter>Engine\Rendering\Camera</Filter>
    </ClInclude>
    <ClInclude Include="Engine\Rendering\Texture\SkyboxTexture.h">
      <Filter>Engine\Rendering\Texture</Filter>
    </ClInclude>
    <ClInclude Include="Engine\Rendering\Model\VulkanSkyboxInstance.h">
      <Filter>Engine\Rendering\Model</Filter>
    </ClInclude>
    <ClInclude Include="Engine\Rendering\ValidationLayers\VulkanValidationLayers.h">
      <Filter>Engine\Rendering\ValidationLayers</Filter>
    </ClInclude>
    <ClInclude Include="Engine\LogicCore\Scene\SceneManager.h">
      <Filter>Engine\LogicCore\Scene</Filter>
    </ClInclude>
    <ClInclude Include="Engine\Input\MouseButtons.h">
      <Filter>Engine\Input</Filter>
    </ClInclude>
    <ClInclude Include="Engine\Rendering\Base\StaticTypes.h">
      <Filter>Engine\Rendering\Base</Filter>
    </ClInclude>
    <ClInclude Include="Engine\Rendering\Base\Vertex.h">
      <Filter>Engine\Rendering\Base</Filter>
    </ClInclude>
    <ClInclude Include="Engine\Rendering\Buffer\CommandBuffer\VulkanCommandBuffer.h">
      <Filter>Engine\Rendering\Buffer\CommandBuffer</Filter>
    </ClInclude>
    <ClInclude Include="Engine\Rendering\Buffer\FrameBuffer\VulkanFrameBuffer.h">
      <Filter>Engine\Rendering\Buffer\FrameBuffer</Filter>
    </ClInclude>
    <ClInclude Include="Engine\Rendering\Buffer\IndexBuffer\IndexBuffer.h">
      <Filter>Engine\Rendering\Buffer\IndexBuffer</Filter>
    </ClInclude>
    <ClInclude Include="Engine\Rendering\Buffer\VertexBuffer\VertexBuffer.h">
      <Filter>Engine\Rendering\Buffer\VertexBuffer</Filter>
    </ClInclude>
    <ClInclude Include="Engine\Rendering\Buffer\UniformBuffer\UniformBuffer.h">
      <Filter>Engine\Rendering\Buffer\UniformBuffer</Filter>
    </ClInclude>
    <ClInclude Include="Engine\Rendering\Buffer\StagingBuffer\StagingBuffer.h">
      <Filter>Engine\Rendering\Buffer\StagingBuffer</Filter>
    </ClInclude>
    <ClInclude Include="Engine\LogicCore\Math\Vector\SVector3.h">
      <Filter>Engine\LogicCore\Math\Vector</Filter>
    </ClInclude>
    <ClInclude Include="Engine\LogicCore\Math\Transform\STransform.h">
      <Filter>Engine\LogicCore\Math\Transform</Filter>
    </ClInclude>
    <ClInclude Include="Engine\LogicCore\Math\Quaternion\SQuaternion.h">
      <Filter>Engine\LogicCore\Math\Quaternion</Filter>
    </ClInclude>
  </ItemGroup>
</Project>